
Microsoft Visual Studio Solution File, Format Version 12.00
# Visual Studio Version 17
VisualStudioVersion = 17.5.002.0
MinimumVisualStudioVersion = 10.0.40219.1
Project("{9A19103F-16F7-4668-BE54-9A1E7A4F7556}") = "DesafioFundamentos", "DesafioFundamentos.csproj", "{FF5CD7FA-F534-4ADA-AACA-A837ABFFD246}"
EndProject
Global
	GlobalSection(SolutionConfigurationPlatforms) = preSolution
		Debug|Any CPU = Debug|Any CPU
		Release|Any CPU = Release|Any CPU
	EndGlobalSection
	GlobalSection(ProjectConfigurationPlatforms) = postSolution
		{FF5CD7FA-F534-4ADA-AACA-A837ABFFD246}.Debug|Any CPU.ActiveCfg = Debug|Any CPU
		{FF5CD7FA-F534-4ADA-AACA-A837ABFFD246}.Debug|Any CPU.Build.0 = Debug|Any CPU
		{FF5CD7FA-F534-4ADA-AACA-A837ABFFD246}.Release|Any CPU.ActiveCfg = Release|Any CPU
		{FF5CD7FA-F534-4ADA-AACA-A837ABFFD246}.Release|Any CPU.Build.0 = Release|Any CPU
	EndGlobalSection
	GlobalSection(SolutionProperties) = preSolution
		HideSolutionNode = FALSE
	EndGlobalSection
	GlobalSection(ExtensibilityGlobals) = postSolution
		SolutionGuid = {11F74E31-8895-46A2-B848-6D884FEF5356}
	EndGlobalSection
EndGlobal
